
Microsoft Visual Studio Solution File, Format Version 12.00
# Visual Studio 15
VisualStudioVersion = 15.0.28307.1000
MinimumVisualStudioVersion = 10.0.40219.1
Project("{FAE04EC0-301F-11D3-BF4B-00C04F79EFBC}") = "SMPEditor", "SMPEditor\SMPEditor.csproj", "{4B152CDD-6798-4621-B018-657384989BFA}"
EndProject
Project("{FAE04EC0-301F-11D3-BF4B-00C04F79EFBC}") = "NiDump", "..\NiDump\NiDump.csproj", "{62ADEDE7-C083-4A6A-99C3-9CA95D650ED7}"
EndProject
Global
	GlobalSection(SolutionConfigurationPlatforms) = preSolution
		Debug|Any CPU = Debug|Any CPU
		Release|Any CPU = Release|Any CPU
	EndGlobalSection
	GlobalSection(ProjectConfigurationPlatforms) = postSolution
		{4B152CDD-6798-4621-B018-657384989BFA}.Debug|Any CPU.ActiveCfg = Debug|Any CPU
		{4B152CDD-6798-4621-B018-657384989BFA}.Debug|Any CPU.Build.0 = Debug|Any CPU
		{4B152CDD-6798-4621-B018-657384989BFA}.Release|Any CPU.ActiveCfg = Release|Any CPU
		{4B152CDD-6798-4621-B018-657384989BFA}.Release|Any CPU.Build.0 = Release|Any CPU
		{62ADEDE7-C083-4A6A-99C3-9CA95D650ED7}.Debug|Any CPU.ActiveCfg = Debug|Any CPU
		{62ADEDE7-C083-4A6A-99C3-9CA95D650ED7}.Debug|Any CPU.Build.0 = Debug|Any CPU
		{62ADEDE7-C083-4A6A-99C3-9CA95D650ED7}.Release|Any CPU.ActiveCfg = Release|Any CPU
		{62ADEDE7-C083-4A6A-99C3-9CA95D650ED7}.Release|Any CPU.Build.0 = Release|Any CPU
	EndGlobalSection
	GlobalSection(SolutionProperties) = preSolution
		HideSolutionNode = FALSE
	EndGlobalSection
	GlobalSection(ExtensibilityGlobals) = postSolution
		SolutionGuid = {2B7C85EC-A424-4AFB-946E-D8FAEAD8B8B3}
	EndGlobalSection
EndGlobal
